// !$*UTF8*$!
{
	archiveVersion = 1;
	classes = {
	};
	objectVersion = 46;
	objects = {

/* Begin PBXBuildFile section */
		6BB435821D0045FB00F81561 /* main.m in Sources */ = {isa = PBXBuildFile; fileRef = 6BB435811D0045FB00F81561 /* main.m */; };
		6BB435851D0045FC00F81561 /* AppDelegate.m in Sources */ = {isa = PBXBuildFile; fileRef = 6BB435841D0045FC00F81561 /* AppDelegate.m */; };
		6BB435881D0045FC00F81561 /* MasterViewController.m in Sources */ = {isa = PBXBuildFile; fileRef = 6BB435871D0045FC00F81561 /* MasterViewController.m */; };
		6BB4358B1D0045FC00F81561 /* DetailViewController.m in Sources */ = {isa = PBXBuildFile; fileRef = 6BB4358A1D0045FC00F81561 /* DetailViewController.m */; };
		6BB4358E1D0045FC00F81561 /* Main.storyboard in Resources */ = {isa = PBXBuildFile; fileRef = 6BB4358C1D0045FC00F81561 /* Main.storyboard */; };
		6BB435901D0045FC00F81561 /* Assets.xcassets in Resources */ = {isa = PBXBuildFile; fileRef = 6BB4358F1D0045FC00F81561 /* Assets.xcassets */; };
		6BB435931D0045FC00F81561 /* LaunchScreen.storyboard in Resources */ = {isa = PBXBuildFile; fileRef = 6BB435911D0045FC00F81561 /* LaunchScreen.storyboard */; };
		6BB4359E1D0045FC00F81561 /* RuntimeTestDemoTests.m in Sources */ = {isa = PBXBuildFile; fileRef = 6BB4359D1D0045FC00F81561 /* RuntimeTestDemoTests.m */; };
		6BB435A91D0045FC00F81561 /* RuntimeTestDemoUITests.m in Sources */ = {isa = PBXBuildFile; fileRef = 6BB435A81D0045FC00F81561 /* RuntimeTestDemoUITests.m */; };
/* End PBXBuildFile section */

/* Begin PBXContainerItemProxy section */
		6BB4359A1D0045FC00F81561 /* PBXContainerItemProxy */ = {
			isa = PBXContainerItemProxy;
			containerPortal = 6BB435751D0045FA00F81561 /* Project object */;
			proxyType = 1;
			remoteGlobalIDString = 6BB4357C1D0045FB00F81561;
			remoteInfo = RuntimeTestDemo;
		};
		6BB435A51D0045FC00F81561 /* PBXContainerItemProxy */ = {
			isa = PBXContainerItemProxy;
			containerPortal = 6BB435751D0045FA00F81561 /* Project object */;
			proxyType = 1;
			remoteGlobalIDString = 6BB4357C1D0045FB00F81561;
			remoteInfo = RuntimeTestDemo;
		};
/* End PBXContainerItemProxy section */

/* Begin PBXFileReference section */
		6BB4357D1D0045FB00F81561 /* RuntimeTestDemo.app */ = {isa = PBXFileReference; explicitFileType = wrapper.application; includeInIndex = 0; path = RuntimeTestDemo.app; sourceTree = BUILT_PRODUCTS_DIR; };
		6BB435811D0045FB00F81561 /* main.m */ = {isa = PBXFileReference; lastKnownFileType = sourcecode.c.objc; path = main.m; sourceTree = "<group>"; };
		6BB435831D0045FB00F81561 /* AppDelegate.h */ = {isa = PBXFileReference; lastKnownFileType = sourcecode.c.h; path = AppDelegate.h; sourceTree = "<group>"; };
		6BB435841D0045FC00F81561 /* AppDelegate.m */ = {isa = PBXFileReference; lastKnownFileType = sourcecode.c.objc; path = AppDelegate.m; sourceTree = "<group>"; };
		6BB435861D0045FC00F81561 /* MasterViewController.h */ = {isa = PBXFileReference; lastKnownFileType = sourcecode.c.h; path = MasterViewController.h; sourceTree = "<group>"; };
		6BB435871D0045FC00F81561 /* MasterViewController.m */ = {isa = PBXFileReference; lastKnownFileType = sourcecode.c.objc; path = MasterViewController.m; sourceTree = "<group>"; };
		6BB435891D0045FC00F81561 /* DetailViewController.h */ = {isa = PBXFileReference; lastKnownFileType = sourcecode.c.h; path = DetailViewController.h; sourceTree = "<group>"; };
		6BB4358A1D0045FC00F81561 /* DetailViewController.m */ = {isa = PBXFileReference; lastKnownFileType = sourcecode.c.objc; path = DetailViewController.m; sourceTree = "<group>"; };
		6BB4358D1D0045FC00F81561 /* Base */ = {isa = PBXFileReference; lastKnownFileType = file.storyboard; name = Base; path = Base.lproj/Main.storyboard; sourceTree = "<group>"; };
		6BB4358F1D0045FC00F81561 /* Assets.xcassets */ = {isa = PBXFileReference; lastKnownFileType = folder.assetcatalog; path = Assets.xcassets; sourceTree = "<group>"; };
		6BB435921D0045FC00F81561 /* Base */ = {isa = PBXFileReference; lastKnownFileType = file.storyboard; name = Base; path = Base.lproj/LaunchScreen.storyboard; sourceTree = "<group>"; };
		6BB435941D0045FC00F81561 /* Info.plist */ = {isa = PBXFileReference; lastKnownFileType = text.plist.xml; path = Info.plist; sourceTree = "<group>"; };
		6BB435991D0045FC00F81561 /* RuntimeTestDemoTests.xctest */ = {isa = PBXFileReference; explicitFileType = wrapper.cfbundle; includeInIndex = 0; path = RuntimeTestDemoTests.xctest; sourceTree = BUILT_PRODUCTS_DIR; };
		6BB4359D1D0045FC00F81561 /* RuntimeTestDemoTests.m */ = {isa = PBXFileReference; lastKnownFileType = sourcecode.c.objc; path = RuntimeTestDemoTests.m; sourceTree = "<group>"; };
		6BB4359F1D0045FC00F81561 /* Info.plist */ = {isa = PBXFileReference; lastKnownFileType = text.plist.xml; path = Info.plist; sourceTree = "<group>"; };
		6BB435A41D0045FC00F81561 /* RuntimeTestDemoUITests.xctest */ = {isa = PBXFileReference; explicitFileType = wrapper.cfbundle; includeInIndex = 0; path = RuntimeTestDemoUITests.xctest; sourceTree = BUILT_PRODUCTS_DIR; };
		6BB435A81D0045FC00F81561 /* RuntimeTestDemoUITests.m */ = {isa = PBXFileReference; lastKnownFileType = sourcecode.c.objc; path = RuntimeTestDemoUITests.m; sourceTree = "<group>"; };
		6BB435AA1D0045FC00F81561 /* Info.plist */ = {isa = PBXFileReference; lastKnownFileType = text.plist.xml; path = Info.plist; sourceTree = "<group>"; };
/* End PBXFileReference section */

/* Begin PBXFrameworksBuildPhase section */
		6BB4357A1D0045FB00F81561 /* Frameworks */ = {
			isa = PBXFrameworksBuildPhase;
			buildActionMask = 2147483647;
			files = (
			);
			runOnlyForDeploymentPostprocessing = 0;
		};
		6BB435961D0045FC00F81561 /* Frameworks */ = {
			isa = PBXFrameworksBuildPhase;
			buildActionMask = 2147483647;
			files = (
			);
			runOnlyForDeploymentPostprocessing = 0;
		};
		6BB435A11D0045FC00F81561 /* Frameworks */ = {
			isa = PBXFrameworksBuildPhase;
			buildActionMask = 2147483647;
			files = (
			);
			runOnlyForDeploymentPostprocessing = 0;
		};
/* End PBXFrameworksBuildPhase section */

/* Begin PBXGroup section */
		6BB435741D0045FA00F81561 = {
			isa = PBXGroup;
			children = (
				6BB4357F1D0045FB00F81561 /* RuntimeTestDemo */,
				6BB4359C1D0045FC00F81561 /* RuntimeTestDemoTests */,
				6BB435A71D0045FC00F81561 /* RuntimeTestDemoUITests */,
				6BB4357E1D0045FB00F81561 /* Products */,
			);
			sourceTree = "<group>";
		};
		6BB4357E1D0045FB00F81561 /* Products */ = {
			isa = PBXGroup;
			children = (
				6BB4357D1D0045FB00F81561 /* RuntimeTestDemo.app */,
				6BB435991D0045FC00F81561 /* RuntimeTestDemoTests.xctest */,
				6BB435A41D0045FC00F81561 /* RuntimeTestDemoUITests.xctest */,
			);
			name = Products;
			sourceTree = "<group>";
		};
		6BB4357F1D0045FB00F81561 /* RuntimeTestDemo */ = {
			isa = PBXGroup;
			children = (
				6BB435831D0045FB00F81561 /* AppDelegate.h */,
				6BB435841D0045FC00F81561 /* AppDelegate.m */,
				6BB435861D0045FC00F81561 /* MasterViewController.h */,
				6BB435871D0045FC00F81561 /* MasterViewController.m */,
				6BB435891D0045FC00F81561 /* DetailViewController.h */,
				6BB4358A1D0045FC00F81561 /* DetailViewController.m */,
				6BB4358C1D0045FC00F81561 /* Main.storyboard */,
				6BB4358F1D0045FC00F81561 /* Assets.xcassets */,
				6BB435911D0045FC00F81561 /* LaunchScreen.storyboard */,
				6BB435941D0045FC00F81561 /* Info.plist */,
				6BB435801D0045FB00F81561 /* Supporting Files */,
			);
			path = RuntimeTestDemo;
			sourceTree = "<group>";
		};
		6BB435801D0045FB00F81561 /* Supporting Files */ = {
			isa = PBXGroup;
			children = (
				6BB435811D0045FB00F81561 /* main.m */,
			);
			name = "Supporting Files";
			sourceTree = "<group>";
		};
		6BB4359C1D0045FC00F81561 /* RuntimeTestDemoTests */ = {
			isa = PBXGroup;
			children = (
				6BB4359D1D0045FC00F81561 /* RuntimeTestDemoTests.m */,
				6BB4359F1D0045FC00F81561 /* Info.plist */,
			);
			path = RuntimeTestDemoTests;
			sourceTree = "<group>";
		};
		6BB435A71D0045FC00F81561 /* RuntimeTestDemoUITests */ = {
			isa = PBXGroup;
			children = (
				6BB435A81D0045FC00F81561 /* RuntimeTestDemoUITests.m */,
				6BB435AA1D0045FC00F81561 /* Info.plist */,
			);
			path = RuntimeTestDemoUITests;
			sourceTree = "<group>";
		};
/* End PBXGroup section */

/* Begin PBXNativeTarget section */
		6BB4357C1D0045FB00F81561 /* RuntimeTestDemo */ = {
			isa = PBXNativeTarget;
			buildConfigurationList = 6BB435AD1D0045FC00F81561 /* Build configuration list for PBXNativeTarget "RuntimeTestDemo" */;
			buildPhases = (
				6BB435791D0045FB00F81561 /* Sources */,
				6BB4357A1D0045FB00F81561 /* Frameworks */,
				6BB4357B1D0045FB00F81561 /* Resources */,
			);
			buildRules = (
			);
			dependencies = (
			);
			name = RuntimeTestDemo;
			productName = RuntimeTestDemo;
			productReference = 6BB4357D1D0045FB00F81561 /* RuntimeTestDemo.app */;
			productType = "com.apple.product-type.application";
		};
		6BB435981D0045FC00F81561 /* RuntimeTestDemoTests */ = {
			isa = PBXNativeTarget;
			buildConfigurationList = 6BB435B01D0045FC00F81561 /* Build configuration list for PBXNativeTarget "RuntimeTestDemoTests" */;
			buildPhases = (
				6BB435951D0045FC00F81561 /* Sources */,
				6BB435961D0045FC00F81561 /* Frameworks */,
				6BB435971D0045FC00F81561 /* Resources */,
			);
			buildRules = (
			);
			dependencies = (
				6BB4359B1D0045FC00F81561 /* PBXTargetDependency */,
			);
			name = RuntimeTestDemoTests;
			productName = RuntimeTestDemoTests;
			productReference = 6BB435991D0045FC00F81561 /* RuntimeTestDemoTests.xctest */;
			productType = "com.apple.product-type.bundle.unit-test";
		};
		6BB435A31D0045FC00F81561 /* RuntimeTestDemoUITests */ = {
			isa = PBXNativeTarget;
			buildConfigurationList = 6BB435B31D0045FC00F81561 /* Build configuration list for PBXNativeTarget "RuntimeTestDemoUITests" */;
			buildPhases = (
				6BB435A01D0045FC00F81561 /* Sources */,
				6BB435A11D0045FC00F81561 /* Frameworks */,
				6BB435A21D0045FC00F81561 /* Resources */,
			);
			buildRules = (
			);
			dependencies = (
				6BB435A61D0045FC00F81561 /* PBXTargetDependency */,
			);
			name = RuntimeTestDemoUITests;
			productName = RuntimeTestDemoUITests;
			productReference = 6BB435A41D0045FC00F81561 /* RuntimeTestDemoUITests.xctest */;
			productType = "com.apple.product-type.bundle.ui-testing";
		};
/* End PBXNativeTarget section */

/* Begin PBXProject section */
		6BB435751D0045FA00F81561 /* Project object */ = {
			isa = PBXProject;
			attributes = {
				LastUpgradeCheck = 0720;
				ORGANIZATIONNAME = YangJian;
				TargetAttributes = {
					6BB4357C1D0045FB00F81561 = {
						CreatedOnToolsVersion = 7.2;
					};
					6BB435981D0045FC00F81561 = {
						CreatedOnToolsVersion = 7.2;
						TestTargetID = 6BB4357C1D0045FB00F81561;
					};
					6BB435A31D0045FC00F81561 = {
						CreatedOnToolsVersion = 7.2;
						TestTargetID = 6BB4357C1D0045FB00F81561;
					};
				};
			};
			buildConfigurationList = 6BB435781D0045FA00F81561 /* Build configuration list for PBXProject "RuntimeTestDemo" */;
			compatibilityVersion = "Xcode 3.2";
			developmentRegion = English;
			hasScannedForEncodings = 0;
			knownRegions = (
				en,
				Base,
			);
			mainGroup = 6BB435741D0045FA00F81561;
			productRefGroup = 6BB4357E1D0045FB00F81561 /* Products */;
			projectDirPath = "";
			projectRoot = "";
			targets = (
				6BB4357C1D0045FB00F81561 /* RuntimeTestDemo */,
				6BB435981D0045FC00F81561 /* RuntimeTestDemoTests */,
				6BB435A31D0045FC00F81561 /* RuntimeTestDemoUITests */,
			);
		};
/* End PBXProject section */

/* Begin PBXResourcesBuildPhase section */
		6BB4357B1D0045FB00F81561 /* Resources */ = {
			isa = PBXResourcesBuildPhase;
			buildActionMask = 2147483647;
			files = (
				6BB435931D0045FC00F81561 /* LaunchScreen.storyboard in Resources */,
				6BB435901D0045FC00F81561 /* Assets.xcassets in Resources */,
				6BB4358E1D0045FC00F81561 /* Main.storyboard in Resources */,
			);
			runOnlyForDeploymentPostprocessing = 0;
		};
		6BB435971D0045FC00F81561 /* Resources */ = {
			isa = PBXResourcesBuildPhase;
			buildActionMask = 2147483647;
			files = (
			);
			runOnlyForDeploymentPostprocessing = 0;
		};
		6BB435A21D0045FC00F81561 /* Resources */ = {
			isa = PBXResourcesBuildPhase;
			buildActionMask = 2147483647;
			files = (
			);
			runOnlyForDeploymentPostprocessing = 0;
		};
/* End PBXResourcesBuildPhase section */

/* Begin PBXSourcesBuildPhase section */
		6BB435791D0045FB00F81561 /* Sources */ = {
			isa = PBXSourcesBuildPhase;
			buildActionMask = 2147483647;
			files = (
				6BB435851D0045FC00F81561 /* AppDelegate.m in Sources */,
				6BB435881D0045FC00F81561 /* MasterViewController.m in Sources */,
				6BB435821D0045FB00F81561 /* main.m in Sources */,
				6BB4358B1D0045FC00F81561 /* DetailViewController.m in Sources */,
			);
			runOnlyForDeploymentPostprocessing = 0;
		};
		6BB435951D0045FC00F81561 /* Sources */ = {
			isa = PBXSourcesBuildPhase;
			buildActionMask = 2147483647;
			files = (
				6BB4359E1D0045FC00F81561 /* RuntimeTestDemoTests.m in Sources */,
			);
			runOnlyForDeploymentPostprocessing = 0;
		};
		6BB435A01D0045FC00F81561 /* Sources */ = {
			isa = PBXSourcesBuildPhase;
			buildActionMask = 2147483647;
			files = (
				6BB435A91D0045FC00F81561 /* RuntimeTestDemoUITests.m in Sources */,
			);
			runOnlyForDeploymentPostprocessing = 0;
		};
/* End PBXSourcesBuildPhase section */

/* Begin PBXTargetDependency section */
		6BB4359B1D0045FC00F81561 /* PBXTargetDependency */ = {
			isa = PBXTargetDependency;
			target = 6BB4357C1D0045FB00F81561 /* RuntimeTestDemo */;
			targetProxy = 6BB4359A1D0045FC00F81561 /* PBXContainerItemProxy */;
		};
		6BB435A61D0045FC00F81561 /* PBXTargetDependency */ = {
			isa = PBXTargetDependency;
			target = 6BB4357C1D0045FB00F81561 /* RuntimeTestDemo */;
			targetProxy = 6BB435A51D0045FC00F81561 /* PBXContainerItemProxy */;
		};
/* End PBXTargetDependency section */

/* Begin PBXVariantGroup section */
		6BB4358C1D0045FC00F81561 /* Main.storyboard */ = {
			isa = PBXVariantGroup;
			children = (
				6BB4358D1D0045FC00F81561 /* Base */,
			);
			name = Main.storyboard;
			sourceTree = "<group>";
		};
		6BB435911D0045FC00F81561 /* LaunchScreen.storyboard */ = {
			isa = PBXVariantGroup;
			children = (
				6BB435921D0045FC00F81561 /* Base */,
			);
			name = LaunchScreen.storyboard;
			sourceTree = "<group>";
		};
/* End PBXVariantGroup section */

/* Begin XCBuildConfiguration section */
		6BB435AB1D0045FC00F81561 /* Debug */ = {
			isa = XCBuildConfiguration;
			buildSettings = {
				ALWAYS_SEARCH_USER_PATHS = NO;
				CLANG_CXX_LANGUAGE_STANDARD = "gnu++0x";
				CLANG_CXX_LIBRARY = "libc++";
				CLANG_ENABLE_MODULES = YES;
				CLANG_ENABLE_OBJC_ARC = YES;
				CLANG_WARN_BOOL_CONVERSION = YES;
				CLANG_WARN_CONSTANT_CONVERSION = YES;
				CLANG_WARN_DIRECT_OBJC_ISA_USAGE = YES_ERROR;
				CLANG_WARN_EMPTY_BODY = YES;
				CLANG_WARN_ENUM_CONVERSION = YES;
				CLANG_WARN_INT_CONVERSION = YES;
				CLANG_WARN_OBJC_ROOT_CLASS = YES_ERROR;
				CLANG_WARN_UNREACHABLE_CODE = YES;
				CLANG_WARN__DUPLICATE_METHOD_MATCH = YES;
				"CODE_SIGN_IDENTITY[sdk=iphoneos*]" = "iPhone Developer";
				COPY_PHASE_STRIP = NO;
				DEBUG_INFORMATION_FORMAT = dwarf;
				ENABLE_STRICT_OBJC_MSGSEND = YES;
				ENABLE_TESTABILITY = YES;
				GCC_C_LANGUAGE_STANDARD = gnu99;
				GCC_DYNAMIC_NO_PIC = NO;
				GCC_NO_COMMON_BLOCKS = YES;
				GCC_OPTIMIZATION_LEVEL = 0;
				GCC_PREPROCESSOR_DEFINITIONS = (
					"DEBUG=1",
					"$(inherited)",
				);
				GCC_WARN_64_TO_32_BIT_CONVERSION = YES;
				GCC_WARN_ABOUT_RETURN_TYPE = YES_ERROR;
				GCC_WARN_UNDECLARED_SELECTOR = YES;
				GCC_WARN_UNINITIALIZED_AUTOS = YES_AGGRESSIVE;
				GCC_WARN_UNUSED_FUNCTION = YES;
				GCC_WARN_UNUSED_VARIABLE = YES;
				IPHONEOS_DEPLOYMENT_TARGET = 9.2;
				MTL_ENABLE_DEBUG_INFO = YES;
				ONLY_ACTIVE_ARCH = YES;
				SDKROOT = iphoneos;
			};
			name = Debug;
		};
		6BB435AC1D0045FC00F81561 /* Release */ = {
			isa = XCBuildConfiguration;
			buildSettings = {
				ALWAYS_SEARCH_USER_PATHS = NO;
				CLANG_CXX_LANGUAGE_STANDARD = "gnu++0x";
				CLANG_CXX_LIBRARY = "libc++";
				CLANG_ENABLE_MODULES = YES;
				CLANG_ENABLE_OBJC_ARC = YES;
				CLANG_WARN_BOOL_CONVERSION = YES;
				CLANG_WARN_CONSTANT_CONVERSION = YES;
				CLANG_WARN_DIRECT_OBJC_ISA_USAGE = YES_ERROR;
				CLANG_WARN_EMPTY_BODY = YES;
				CLANG_WARN_ENUM_CONVERSION = YES;
				CLANG_WARN_INT_CONVERSION = YES;
				CLANG_WARN_OBJC_ROOT_CLASS = YES_ERROR;
				CLANG_WARN_UNREACHABLE_CODE = YES;
				CLANG_WARN__DUPLICATE_METHOD_MATCH = YES;
				"CODE_SIGN_IDENTITY[sdk=iphoneos*]" = "iPhone Developer";
				COPY_PHASE_STRIP = NO;
				DEBUG_INFORMATION_FORMAT = "dwarf-with-dsym";
				ENABLE_NS_ASSERTIONS = NO;
				ENABLE_STRICT_OBJC_MSGSEND = YES;
				GCC_C_LANGUAGE_STANDARD = gnu99;
				GCC_NO_COMMON_BLOCKS = YES;
				GCC_WARN_64_TO_32_BIT_CONVERSION = YES;
				GCC_WARN_ABOUT_RETURN_TYPE = YES_ERROR;
				GCC_WARN_UNDECLARED_SELECTOR = YES;
				GCC_WARN_UNINITIALIZED_AUTOS = YES_AGGRESSIVE;
				GCC_WARN_UNUSED_FUNCTION = YES;
				GCC_WARN_UNUSED_VARIABLE = YES;
				IPHONEOS_DEPLOYMENT_TARGET = 9.2;
				MTL_ENABLE_DEBUG_INFO = NO;
				SDKROOT = iphoneos;
				VALIDATE_PRODUCT = YES;
			};
			name = Release;
		};
		6BB435AE1D0045FC00F81561 /* Debug */ = {
			isa = XCBuildConfiguration;
			buildSettings = {
				ASSETCATALOG_COMPILER_APPICON_NAME = AppIcon;
				INFOPLIST_FILE = RuntimeTestDemo/Info.plist;
				LD_RUNPATH_SEARCH_PATHS = "$(inherited) @executable_path/Frameworks";
				PRODUCT_BUNDLE_IDENTIFIER = com.yangjian.net.cn.RuntimeTestDemo;
				PRODUCT_NAME = "$(TARGET_NAME)";
			};
			name = Debug;
		};
		6BB435AF1D0045FC00F81561 /* Release */ = {
			isa = XCBuildConfiguration;
			buildSettings = {
				ASSETCATALOG_COMPILER_APPICON_NAME = AppIcon;
				INFOPLIST_FILE = RuntimeTestDemo/Info.plist;
				LD_RUNPATH_SEARCH_PATHS = "$(inherited) @executable_path/Frameworks";
				PRODUCT_BUNDLE_IDENTIFIER = com.yangjian.net.cn.RuntimeTestDemo;
				PRODUCT_NAME = "$(TARGET_NAME)";
			};
			name = Release;
		};
		6BB435B11D0045FC00F81561 /* Debug */ = {
			isa = XCBuildConfiguration;
			buildSettings = {
				BUNDLE_LOADER = "$(TEST_HOST)";
				INFOPLIST_FILE = RuntimeTestDemoTests/Info.plist;
				LD_RUNPATH_SEARCH_PATHS = "$(inherited) @executable_path/Frameworks @loader_path/Frameworks";
				PRODUCT_BUNDLE_IDENTIFIER = com.yangjian.net.cn.RuntimeTestDemoTests;
				PRODUCT_NAME = "$(TARGET_NAME)";
				TEST_HOST = "$(BUILT_PRODUCTS_DIR)/RuntimeTestDemo.app/RuntimeTestDemo";
			};
			name = Debug;
		};
		6BB435B21D0045FC00F81561 /* Release */ = {
			isa = XCBuildConfiguration;
			buildSettings = {
				BUNDLE_LOADER = "$(TEST_HOST)";
				INFOPLIST_FILE = RuntimeTestDemoTests/Info.plist;
				LD_RUNPATH_SEARCH_PATHS = "$(inherited) @executable_path/Frameworks @loader_path/Frameworks";
				PRODUCT_BUNDLE_IDENTIFIER = com.yangjian.net.cn.RuntimeTestDemoTests;
				PRODUCT_NAME = "$(TARGET_NAME)";
				TEST_HOST = "$(BUILT_PRODUCTS_DIR)/RuntimeTestDemo.app/RuntimeTestDemo";
			};
			name = Release;
		};
		6BB435B41D0045FC00F81561 /* Debug */ = {
			isa = XCBuildConfiguration;
			buildSettings = {
				INFOPLIST_FILE = RuntimeTestDemoUITests/Info.plist;
				LD_RUNPATH_SEARCH_PATHS = "$(inherited) @executable_path/Frameworks @loader_path/Frameworks";
				PRODUCT_BUNDLE_IDENTIFIER = com.yangjian.net.cn.RuntimeTestDemoUITests;
				PRODUCT_NAME = "$(TARGET_NAME)";
				TEST_TARGET_NAME = RuntimeTestDemo;
				USES_XCTRUNNER = YES;
			};
			name = Debug;
		};
		6BB435B51D0045FC00F81561 /* Release */ = {
			isa = XCBuildConfiguration;
			buildSettings = {
				INFOPLIST_FILE = RuntimeTestDemoUITests/Info.plist;
				LD_RUNPATH_SEARCH_PATHS = "$(inherited) @executable_path/Frameworks @loader_path/Frameworks";
				PRODUCT_BUNDLE_IDENTIFIER = com.yangjian.net.cn.RuntimeTestDemoUITests;
				PRODUCT_NAME = "$(TARGET_NAME)";
				TEST_TARGET_NAME = RuntimeTestDemo;
				USES_XCTRUNNER = YES;
			};
			name = Release;
		};
/* End XCBuildConfiguration section */

/* Begin XCConfigurationList section */
		6BB435781D0045FA00F81561 /* Build configuration list for PBXProject "RuntimeTestDemo" */ = {
			isa = XCConfigurationList;
			buildConfigurations = (
				6BB435AB1D0045FC00F81561 /* Debug */,
				6BB435AC1D0045FC00F81561 /* Release */,
			);
			defaultConfigurationIsVisible = 0;
			defaultConfigurationName = Release;
		};
		6BB435AD1D0045FC00F81561 /* Build configuration list for PBXNativeTarget "RuntimeTestDemo" */ = {
			isa = XCConfigurationList;
			buildConfigurations = (
				6BB435AE1D0045FC00F81561 /* Debug */,
				6BB435AF1D0045FC00F81561 /* Release */,
			);
			defaultConfigurationIsVisible = 0;
		};
		6BB435B01D0045FC00F81561 /* Build configuration list for PBXNativeTarget "RuntimeTestDemoTests" */ = {
			isa = XCConfigurationList;
			buildConfigurations = (
				6BB435B11D0045FC00F81561 /* Debug */,
				6BB435B21D0045FC00F81561 /* Release */,
			);
			defaultConfigurationIsVisible = 0;
		};
		6BB435B31D0045FC00F81561 /* Build configuration list for PBXNativeTarget "RuntimeTestDemoUITests" */ = {
			isa = XCConfigurationList;
			buildConfigurations = (
				6BB435B41D0045FC00F81561 /* Debug */,
				6BB435B51D0045FC00F81561 /* Release */,
			);
			defaultConfigurationIsVisible = 0;
		};
/* End XCConfigurationList section */
	};
	rootObject = 6BB435751D0045FA00F81561 /* Project object */;
}
